
Microsoft Visual Studio Solution File, Format Version 12.00
# Visual Studio Version 17
VisualStudioVersion = 17.5.33627.172
MinimumVisualStudioVersion = 10.0.40219.1
Project("{FAE04EC0-301F-11D3-BF4B-00C04F79EFBC}") = "01_TwoSum", "01_TwoSum\01_TwoSum.csproj", "{3B137FCF-EB07-465D-9E8F-9350F216ECD3}"
EndProject
Project("{2150E333-8FDC-42A3-9474-1A3956D46DE8}") = "Week01", "Week01", "{69C67B5D-70CE-400C-9C60-0C67D7A0DBF7}"
EndProject
Project("{FAE04EC0-301F-11D3-BF4B-00C04F79EFBC}") = "02_ValidParentheses", "02_ValidParentheses\02_ValidParentheses.csproj", "{C2887920-4072-4C48-AE2B-1DEFE5ED01FA}"
EndProject
Global
	GlobalSection(SolutionConfigurationPlatforms) = preSolution
		Debug|Any CPU = Debug|Any CPU
		Release|Any CPU = Release|Any CPU
	EndGlobalSection
	GlobalSection(ProjectConfigurationPlatforms) = postSolution
		{3B137FCF-EB07-465D-9E8F-9350F216ECD3}.Debug|Any CPU.ActiveCfg = Debug|Any CPU
		{3B137FCF-EB07-465D-9E8F-9350F216ECD3}.Debug|Any CPU.Build.0 = Debug|Any CPU
		{3B137FCF-EB07-465D-9E8F-9350F216ECD3}.Release|Any CPU.ActiveCfg = Release|Any CPU
		{3B137FCF-EB07-465D-9E8F-9350F216ECD3}.Release|Any CPU.Build.0 = Release|Any CPU
		{C2887920-4072-4C48-AE2B-1DEFE5ED01FA}.Debug|Any CPU.ActiveCfg = Debug|Any CPU
		{C2887920-4072-4C48-AE2B-1DEFE5ED01FA}.Debug|Any CPU.Build.0 = Debug|Any CPU
		{C2887920-4072-4C48-AE2B-1DEFE5ED01FA}.Release|Any CPU.ActiveCfg = Release|Any CPU
		{C2887920-4072-4C48-AE2B-1DEFE5ED01FA}.Release|Any CPU.Build.0 = Release|Any CPU
	EndGlobalSection
	GlobalSection(SolutionProperties) = preSolution
		HideSolutionNode = FALSE
	EndGlobalSection
	GlobalSection(NestedProjects) = preSolution
		{3B137FCF-EB07-465D-9E8F-9350F216ECD3} = {69C67B5D-70CE-400C-9C60-0C67D7A0DBF7}
		{C2887920-4072-4C48-AE2B-1DEFE5ED01FA} = {69C67B5D-70CE-400C-9C60-0C67D7A0DBF7}
	EndGlobalSection
	GlobalSection(ExtensibilityGlobals) = postSolution
		SolutionGuid = {0264F5EB-5C11-49CF-9126-CAFB37242B47}
	EndGlobalSection
EndGlobal
