
Microsoft Visual Studio Solution File, Format Version 12.00
# Visual Studio Version 17
VisualStudioVersion = 17.5.33627.172
MinimumVisualStudioVersion = 10.0.40219.1
Project("{9A19103F-16F7-4668-BE54-9A1E7A4F7556}") = "01_TwoSum", "01_TwoSum\01_TwoSum.csproj", "{3B137FCF-EB07-465D-9E8F-9350F216ECD3}"
EndProject
Project("{2150E333-8FDC-42A3-9474-1A3956D46DE8}") = "Week01", "Week01", "{69C67B5D-70CE-400C-9C60-0C67D7A0DBF7}"
EndProject
Project("{9A19103F-16F7-4668-BE54-9A1E7A4F7556}") = "02_ValidParentheses", "02_ValidParentheses\02_ValidParentheses.csproj", "{C2887920-4072-4C48-AE2B-1DEFE5ED01FA}"
EndProject
Project("{9A19103F-16F7-4668-BE54-9A1E7A4F7556}") = "03_MergeTwoSortedLists", "03_MergeTwoSortedLists\03_MergeTwoSortedLists.csproj", "{23310B73-3C9B-4BFB-BEBA-3EF4B27FC4AD}"
EndProject
Project("{9A19103F-16F7-4668-BE54-9A1E7A4F7556}") = "04_BestTimeToBuyAndSellStock", "04_BestTimeToBuyAndSellStock\04_BestTimeToBuyAndSellStock.csproj", "{1E29D905-F339-43C0-B718-B43AD39F3E2B}"
EndProject
Project("{9A19103F-16F7-4668-BE54-9A1E7A4F7556}") = "05_ValidPalindrome", "05_ValidPalindrome\05_ValidPalindrome.csproj", "{D8D7150F-9B12-4275-897A-54C36F4675A0}"
EndProject
Project("{9A19103F-16F7-4668-BE54-9A1E7A4F7556}") = "06_InvertBinaryTree", "06_InvertBinaryTree\06_InvertBinaryTree.csproj", "{A2823405-E890-4600-9E23-A3A171C9A879}"
EndProject
Project("{9A19103F-16F7-4668-BE54-9A1E7A4F7556}") = "Blind75Lib", "Blind75Lib\Blind75Lib.csproj", "{C5220DD1-D837-4EC9-B9EA-449E45F71FE2}"
EndProject
Project("{9A19103F-16F7-4668-BE54-9A1E7A4F7556}") = "07_ValidAnagram", "07_ValidAnagram\07_ValidAnagram.csproj", "{82B5254F-8883-4EEB-9257-E06BC8E86C20}"
EndProject
Project("{9A19103F-16F7-4668-BE54-9A1E7A4F7556}") = "08_BinarySearch", "08_BinarySearch\08_BinarySearch.csproj", "{CBBC8DFA-27EE-40F0-85BA-E2BDE77B3ADC}"
EndProject
Project("{9A19103F-16F7-4668-BE54-9A1E7A4F7556}") = "09_FloodFill", "09_FloodFill\09_FloodFill.csproj", "{9FB6E9B5-3140-4D1F-AAEC-95AAFF803F2C}"
EndProject
Project("{FAE04EC0-301F-11D3-BF4B-00C04F79EFBC}") = "10_LowestCommonAncestorOfABST", "10_LowestCommonAncestorOfABST\10_LowestCommonAncestorOfABST.csproj", "{8F6FACC1-C6AE-4A03-9CA7-8CE406697561}"
EndProject
Project("{FAE04EC0-301F-11D3-BF4B-00C04F79EFBC}") = "11_BalancedBinaryTree", "11_BalancedBinaryTree\11_BalancedBinaryTree.csproj", "{1AEF694C-0AF1-4C96-A8E0-350B9E750442}"
EndProject
Project("{FAE04EC0-301F-11D3-BF4B-00C04F79EFBC}") = "12_LinkedListCycle", "12_LinkedListCycle\12_LinkedListCycle.csproj", "{27CA6D37-5A96-44D5-98B4-DA1B260A4894}"
EndProject
Global
	GlobalSection(SolutionConfigurationPlatforms) = preSolution
		Debug|Any CPU = Debug|Any CPU
		Release|Any CPU = Release|Any CPU
	EndGlobalSection
	GlobalSection(ProjectConfigurationPlatforms) = postSolution
		{3B137FCF-EB07-465D-9E8F-9350F216ECD3}.Debug|Any CPU.ActiveCfg = Debug|Any CPU
		{3B137FCF-EB07-465D-9E8F-9350F216ECD3}.Debug|Any CPU.Build.0 = Debug|Any CPU
		{3B137FCF-EB07-465D-9E8F-9350F216ECD3}.Release|Any CPU.ActiveCfg = Release|Any CPU
		{3B137FCF-EB07-465D-9E8F-9350F216ECD3}.Release|Any CPU.Build.0 = Release|Any CPU
		{C2887920-4072-4C48-AE2B-1DEFE5ED01FA}.Debug|Any CPU.ActiveCfg = Debug|Any CPU
		{C2887920-4072-4C48-AE2B-1DEFE5ED01FA}.Debug|Any CPU.Build.0 = Debug|Any CPU
		{C2887920-4072-4C48-AE2B-1DEFE5ED01FA}.Release|Any CPU.ActiveCfg = Release|Any CPU
		{C2887920-4072-4C48-AE2B-1DEFE5ED01FA}.Release|Any CPU.Build.0 = Release|Any CPU
		{23310B73-3C9B-4BFB-BEBA-3EF4B27FC4AD}.Debug|Any CPU.ActiveCfg = Debug|Any CPU
		{23310B73-3C9B-4BFB-BEBA-3EF4B27FC4AD}.Debug|Any CPU.Build.0 = Debug|Any CPU
		{23310B73-3C9B-4BFB-BEBA-3EF4B27FC4AD}.Release|Any CPU.ActiveCfg = Release|Any CPU
		{23310B73-3C9B-4BFB-BEBA-3EF4B27FC4AD}.Release|Any CPU.Build.0 = Release|Any CPU
		{1E29D905-F339-43C0-B718-B43AD39F3E2B}.Debug|Any CPU.ActiveCfg = Debug|Any CPU
		{1E29D905-F339-43C0-B718-B43AD39F3E2B}.Debug|Any CPU.Build.0 = Debug|Any CPU
		{1E29D905-F339-43C0-B718-B43AD39F3E2B}.Release|Any CPU.ActiveCfg = Release|Any CPU
		{1E29D905-F339-43C0-B718-B43AD39F3E2B}.Release|Any CPU.Build.0 = Release|Any CPU
		{D8D7150F-9B12-4275-897A-54C36F4675A0}.Debug|Any CPU.ActiveCfg = Debug|Any CPU
		{D8D7150F-9B12-4275-897A-54C36F4675A0}.Debug|Any CPU.Build.0 = Debug|Any CPU
		{D8D7150F-9B12-4275-897A-54C36F4675A0}.Release|Any CPU.ActiveCfg = Release|Any CPU
		{D8D7150F-9B12-4275-897A-54C36F4675A0}.Release|Any CPU.Build.0 = Release|Any CPU
		{A2823405-E890-4600-9E23-A3A171C9A879}.Debug|Any CPU.ActiveCfg = Debug|Any CPU
		{A2823405-E890-4600-9E23-A3A171C9A879}.Debug|Any CPU.Build.0 = Debug|Any CPU
		{A2823405-E890-4600-9E23-A3A171C9A879}.Release|Any CPU.ActiveCfg = Release|Any CPU
		{A2823405-E890-4600-9E23-A3A171C9A879}.Release|Any CPU.Build.0 = Release|Any CPU
		{C5220DD1-D837-4EC9-B9EA-449E45F71FE2}.Debug|Any CPU.ActiveCfg = Debug|Any CPU
		{C5220DD1-D837-4EC9-B9EA-449E45F71FE2}.Debug|Any CPU.Build.0 = Debug|Any CPU
		{C5220DD1-D837-4EC9-B9EA-449E45F71FE2}.Release|Any CPU.ActiveCfg = Release|Any CPU
		{C5220DD1-D837-4EC9-B9EA-449E45F71FE2}.Release|Any CPU.Build.0 = Release|Any CPU
		{82B5254F-8883-4EEB-9257-E06BC8E86C20}.Debug|Any CPU.ActiveCfg = Debug|Any CPU
		{82B5254F-8883-4EEB-9257-E06BC8E86C20}.Debug|Any CPU.Build.0 = Debug|Any CPU
		{82B5254F-8883-4EEB-9257-E06BC8E86C20}.Release|Any CPU.ActiveCfg = Release|Any CPU
		{82B5254F-8883-4EEB-9257-E06BC8E86C20}.Release|Any CPU.Build.0 = Release|Any CPU
		{CBBC8DFA-27EE-40F0-85BA-E2BDE77B3ADC}.Debug|Any CPU.ActiveCfg = Debug|Any CPU
		{CBBC8DFA-27EE-40F0-85BA-E2BDE77B3ADC}.Debug|Any CPU.Build.0 = Debug|Any CPU
		{CBBC8DFA-27EE-40F0-85BA-E2BDE77B3ADC}.Release|Any CPU.ActiveCfg = Release|Any CPU
		{CBBC8DFA-27EE-40F0-85BA-E2BDE77B3ADC}.Release|Any CPU.Build.0 = Release|Any CPU
		{9FB6E9B5-3140-4D1F-AAEC-95AAFF803F2C}.Debug|Any CPU.ActiveCfg = Debug|Any CPU
		{9FB6E9B5-3140-4D1F-AAEC-95AAFF803F2C}.Debug|Any CPU.Build.0 = Debug|Any CPU
		{9FB6E9B5-3140-4D1F-AAEC-95AAFF803F2C}.Release|Any CPU.ActiveCfg = Release|Any CPU
		{9FB6E9B5-3140-4D1F-AAEC-95AAFF803F2C}.Release|Any CPU.Build.0 = Release|Any CPU
		{8F6FACC1-C6AE-4A03-9CA7-8CE406697561}.Debug|Any CPU.ActiveCfg = Debug|Any CPU
		{8F6FACC1-C6AE-4A03-9CA7-8CE406697561}.Debug|Any CPU.Build.0 = Debug|Any CPU
		{8F6FACC1-C6AE-4A03-9CA7-8CE406697561}.Release|Any CPU.ActiveCfg = Release|Any CPU
		{8F6FACC1-C6AE-4A03-9CA7-8CE406697561}.Release|Any CPU.Build.0 = Release|Any CPU
		{1AEF694C-0AF1-4C96-A8E0-350B9E750442}.Debug|Any CPU.ActiveCfg = Debug|Any CPU
		{1AEF694C-0AF1-4C96-A8E0-350B9E750442}.Debug|Any CPU.Build.0 = Debug|Any CPU
		{1AEF694C-0AF1-4C96-A8E0-350B9E750442}.Release|Any CPU.ActiveCfg = Release|Any CPU
		{1AEF694C-0AF1-4C96-A8E0-350B9E750442}.Release|Any CPU.Build.0 = Release|Any CPU
		{27CA6D37-5A96-44D5-98B4-DA1B260A4894}.Debug|Any CPU.ActiveCfg = Debug|Any CPU
		{27CA6D37-5A96-44D5-98B4-DA1B260A4894}.Debug|Any CPU.Build.0 = Debug|Any CPU
		{27CA6D37-5A96-44D5-98B4-DA1B260A4894}.Release|Any CPU.ActiveCfg = Release|Any CPU
		{27CA6D37-5A96-44D5-98B4-DA1B260A4894}.Release|Any CPU.Build.0 = Release|Any CPU
	EndGlobalSection
	GlobalSection(SolutionProperties) = preSolution
		HideSolutionNode = FALSE
	EndGlobalSection
	GlobalSection(NestedProjects) = preSolution
		{3B137FCF-EB07-465D-9E8F-9350F216ECD3} = {69C67B5D-70CE-400C-9C60-0C67D7A0DBF7}
		{C2887920-4072-4C48-AE2B-1DEFE5ED01FA} = {69C67B5D-70CE-400C-9C60-0C67D7A0DBF7}
		{23310B73-3C9B-4BFB-BEBA-3EF4B27FC4AD} = {69C67B5D-70CE-400C-9C60-0C67D7A0DBF7}
		{1E29D905-F339-43C0-B718-B43AD39F3E2B} = {69C67B5D-70CE-400C-9C60-0C67D7A0DBF7}
		{D8D7150F-9B12-4275-897A-54C36F4675A0} = {69C67B5D-70CE-400C-9C60-0C67D7A0DBF7}
		{A2823405-E890-4600-9E23-A3A171C9A879} = {69C67B5D-70CE-400C-9C60-0C67D7A0DBF7}
		{82B5254F-8883-4EEB-9257-E06BC8E86C20} = {69C67B5D-70CE-400C-9C60-0C67D7A0DBF7}
		{CBBC8DFA-27EE-40F0-85BA-E2BDE77B3ADC} = {69C67B5D-70CE-400C-9C60-0C67D7A0DBF7}
		{9FB6E9B5-3140-4D1F-AAEC-95AAFF803F2C} = {69C67B5D-70CE-400C-9C60-0C67D7A0DBF7}
		{8F6FACC1-C6AE-4A03-9CA7-8CE406697561} = {69C67B5D-70CE-400C-9C60-0C67D7A0DBF7}
		{1AEF694C-0AF1-4C96-A8E0-350B9E750442} = {69C67B5D-70CE-400C-9C60-0C67D7A0DBF7}
		{27CA6D37-5A96-44D5-98B4-DA1B260A4894} = {69C67B5D-70CE-400C-9C60-0C67D7A0DBF7}
	EndGlobalSection
	GlobalSection(ExtensibilityGlobals) = postSolution
		SolutionGuid = {0264F5EB-5C11-49CF-9126-CAFB37242B47}
	EndGlobalSection
EndGlobal
